// !$*UTF8*$!
{
	archiveVersion = 1;
	classes = {
	};
	objectVersion = 46;
	objects = {

/* Begin PBXBuildFile section */
		CC9A2CA41789B1ED0069D9DF /* UIKit.framework in Frameworks */ = {isa = PBXBuildFile; fileRef = CC9A2CA31789B1ED0069D9DF /* UIKit.framework */; };
		CC9A2CA61789B1ED0069D9DF /* Foundation.framework in Frameworks */ = {isa = PBXBuildFile; fileRef = CC9A2CA51789B1ED0069D9DF /* Foundation.framework */; };
		CC9A2CA81789B1ED0069D9DF /* CoreGraphics.framework in Frameworks */ = {isa = PBXBuildFile; fileRef = CC9A2CA71789B1ED0069D9DF /* CoreGraphics.framework */; };
		CC9A2CAE1789B1ED0069D9DF /* InfoPlist.strings in Resources */ = {isa = PBXBuildFile; fileRef = CC9A2CAC1789B1ED0069D9DF /* InfoPlist.strings */; };
		CC9A2CB01789B1ED0069D9DF /* main.m in Sources */ = {isa = PBXBuildFile; fileRef = CC9A2CAF1789B1ED0069D9DF /* main.m */; };
		CC9A2CB41789B1ED0069D9DF /* FKAppDelegate.m in Sources */ = {isa = PBXBuildFile; fileRef = CC9A2CB31789B1ED0069D9DF /* FKAppDelegate.m */; };
		CC9A2CBD1789B1ED0069D9DF /* FKViewController.m in Sources */ = {isa = PBXBuildFile; fileRef = CC9A2CBC1789B1ED0069D9DF /* FKViewController.m */; };
		CC9A2CD41789D3000069D9DF /* fish.png in Resources */ = {isa = PBXBuildFile; fileRef = CC9A2CD31789D2FF0069D9DF /* fish.png */; };
		CC9A2CD61789E1470069D9DF /* QuartzCore.framework in Frameworks */ = {isa = PBXBuildFile; fileRef = CC9A2CD51789E1470069D9DF /* QuartzCore.framework */; };
		CC9CC151178F0D4100CCCE25 /* UIImage+FKCategory.m in Sources */ = {isa = PBXBuildFile; fileRef = CC9CC150178F0D4100CCCE25 /* UIImage+FKCategory.m */; };
		CCEE4CE217F570B9001D76C9 /* Images.xcassets in Resources */ = {isa = PBXBuildFile; fileRef = CCEE4CE117F570B9001D76C9 /* Images.xcassets */; };
		CCEE4CE517F570D4001D76C9 /* Main.storyboard in Resources */ = {isa = PBXBuildFile; fileRef = CCEE4CE317F570D4001D76C9 /* Main.storyboard */; };
/* End PBXBuildFile section */

/* Begin PBXFileReference section */
		CC9A2CA01789B1ED0069D9DF /* GGImageTest.app */ = {isa = PBXFileReference; explicitFileType = wrapper.application; includeInIndex = 0; path = GGImageTest.app; sourceTree = BUILT_PRODUCTS_DIR; };
		CC9A2CA31789B1ED0069D9DF /* UIKit.framework */ = {isa = PBXFileReference; lastKnownFileType = wrapper.framework; name = UIKit.framework; path = System/Library/Frameworks/UIKit.framework; sourceTree = SDKROOT; };
		CC9A2CA51789B1ED0069D9DF /* Foundation.framework */ = {isa = PBXFileReference; lastKnownFileType = wrapper.framework; name = Foundation.framework; path = System/Library/Frameworks/Foundation.framework; sourceTree = SDKROOT; };
		CC9A2CA71789B1ED0069D9DF /* CoreGraphics.framework */ = {isa = PBXFileReference; lastKnownFileType = wrapper.framework; name = CoreGraphics.framework; path = System/Library/Frameworks/CoreGraphics.framework; sourceTree = SDKROOT; };
		CC9A2CAB1789B1ED0069D9DF /* GGImageTest-Info.plist */ = {isa = PBXFileReference; lastKnownFileType = text.plist.xml; path = "GGImageTest-Info.plist"; sourceTree = "<group>"; };
		CC9A2CAD1789B1ED0069D9DF /* en */ = {isa = PBXFileReference; lastKnownFileType = text.plist.strings; name = en; path = en.lproj/InfoPlist.strings; sourceTree = "<group>"; };
		CC9A2CAF1789B1ED0069D9DF /* main.m */ = {isa = PBXFileReference; lastKnownFileType = sourcecode.c.objc; path = main.m; sourceTree = "<group>"; };
		CC9A2CB11789B1ED0069D9DF /* GGImageTest-Prefix.pch */ = {isa = PBXFileReference; lastKnownFileType = sourcecode.c.h; path = "GGImageTest-Prefix.pch"; sourceTree = "<group>"; };
		CC9A2CB21789B1ED0069D9DF /* FKAppDelegate.h */ = {isa = PBXFileReference; lastKnownFileType = sourcecode.c.h; path = FKAppDelegate.h; sourceTree = "<group>"; };
		CC9A2CB31789B1ED0069D9DF /* FKAppDelegate.m */ = {isa = PBXFileReference; lastKnownFileType = sourcecode.c.objc; path = FKAppDelegate.m; sourceTree = "<group>"; };
		CC9A2CBB1789B1ED0069D9DF /* FKViewController.h */ = {isa = PBXFileReference; lastKnownFileType = sourcecode.c.h; path = FKViewController.h; sourceTree = "<group>"; };
		CC9A2CBC1789B1ED0069D9DF /* FKViewController.m */ = {isa = PBXFileReference; lastKnownFileType = sourcecode.c.objc; path = FKViewController.m; sourceTree = "<group>"; };
		CC9A2CD31789D2FF0069D9DF /* fish.png */ = {isa = PBXFileReference; lastKnownFileType = image.png; path = fish.png; sourceTree = "<group>"; };
		CC9A2CD51789E1470069D9DF /* QuartzCore.framework */ = {isa = PBXFileReference; lastKnownFileType = wrapper.framework; name = QuartzCore.framework; path = System/Library/Frameworks/QuartzCore.framework; sourceTree = SDKROOT; };
		CC9CC14F178F0D3700CCCE25 /* UIImage+FKCategory.h */ = {isa = PBXFileReference; fileEncoding = 4; lastKnownFileType = sourcecode.c.h; path = "UIImage+FKCategory.h"; sourceTree = "<group>"; };
		CC9CC150178F0D4100CCCE25 /* UIImage+FKCategory.m */ = {isa = PBXFileReference; fileEncoding = 4; lastKnownFileType = sourcecode.c.objc; path = "UIImage+FKCategory.m"; sourceTree = "<group>"; };
		CCEE4CE117F570B9001D76C9 /* Images.xcassets */ = {isa = PBXFileReference; lastKnownFileType = folder.assetcatalog; path = Images.xcassets; sourceTree = "<group>"; };
		CCEE4CE417F570D4001D76C9 /* Base */ = {isa = PBXFileReference; lastKnownFileType = file.storyboard; name = Base; path = Base.lproj/Main.storyboard; sourceTree = "<group>"; };
/* End PBXFileReference section */

/* Begin PBXFrameworksBuildPhase section */
		CC9A2C9D1789B1ED0069D9DF /* Frameworks */ = {
			isa = PBXFrameworksBuildPhase;
			buildActionMask = 2147483647;
			files = (
				CC9A2CD61789E1470069D9DF /* QuartzCore.framework in Frameworks */,
				CC9A2CA41789B1ED0069D9DF /* UIKit.framework in Frameworks */,
				CC9A2CA61789B1ED0069D9DF /* Foundation.framework in Frameworks */,
				CC9A2CA81789B1ED0069D9DF /* CoreGraphics.framework in Frameworks */,
			);
			runOnlyForDeploymentPostprocessing = 0;
		};
/* End PBXFrameworksBuildPhase section */

/* Begin PBXGroup section */
		CC9A2C971789B1ED0069D9DF = {
			isa = PBXGroup;
			children = (
				CC9A2CA91789B1ED0069D9DF /* GGImageTest */,
				CC9A2CA21789B1ED0069D9DF /* Frameworks */,
				CC9A2CA11789B1ED0069D9DF /* Products */,
			);
			sourceTree = "<group>";
		};
		CC9A2CA11789B1ED0069D9DF /* Products */ = {
			isa = PBXGroup;
			children = (
				CC9A2CA01789B1ED0069D9DF /* GGImageTest.app */,
			);
			name = Products;
			sourceTree = "<group>";
		};
		CC9A2CA21789B1ED0069D9DF /* Frameworks */ = {
			isa = PBXGroup;
			children = (
				CC9A2CD51789E1470069D9DF /* QuartzCore.framework */,
				CC9A2CA31789B1ED0069D9DF /* UIKit.framework */,
				CC9A2CA51789B1ED0069D9DF /* Foundation.framework */,
				CC9A2CA71789B1ED0069D9DF /* CoreGraphics.framework */,
			);
			name = Frameworks;
			sourceTree = "<group>";
		};
		CC9A2CA91789B1ED0069D9DF /* GGImageTest */ = {
			isa = PBXGroup;
			children = (
				CC9CC14F178F0D3700CCCE25 /* UIImage+FKCategory.h */,
				CC9CC150178F0D4100CCCE25 /* UIImage+FKCategory.m */,
				CC9A2CB21789B1ED0069D9DF /* FKAppDelegate.h */,
				CC9A2CB31789B1ED0069D9DF /* FKAppDelegate.m */,
				CC9A2CBB1789B1ED0069D9DF /* FKViewController.h */,
				CC9A2CBC1789B1ED0069D9DF /* FKViewController.m */,
				CCEE4CE317F570D4001D76C9 /* Main.storyboard */,
				CCEE4CE117F570B9001D76C9 /* Images.xcassets */,
				CC9A2CAA1789B1ED0069D9DF /* Supporting Files */,
			);
			path = GGImageTest;
			sourceTree = "<group>";
		};
		CC9A2CAA1789B1ED0069D9DF /* Supporting Files */ = {
			isa = PBXGroup;
			children = (
				CC9A2CD31789D2FF0069D9DF /* fish.png */,
				CC9A2CAB1789B1ED0069D9DF /* GGImageTest-Info.plist */,
				CC9A2CAC1789B1ED0069D9DF /* InfoPlist.strings */,
				CC9A2CAF1789B1ED0069D9DF /* main.m */,
				CC9A2CB11789B1ED0069D9DF /* GGImageTest-Prefix.pch */,
			);
			name = "Supporting Files";
			sourceTree = "<group>";
		};
/* End PBXGroup section */

/* Begin PBXNativeTarget section */
		CC9A2C9F1789B1ED0069D9DF /* GGImageTest */ = {
			isa = PBXNativeTarget;
			buildConfigurationList = CC9A2CC31789B1ED0069D9DF /* Build configuration list for PBXNativeTarget "GGImageTest" */;
			buildPhases = (
				CC9A2C9C1789B1ED0069D9DF /* Sources */,
				CC9A2C9D1789B1ED0069D9DF /* Frameworks */,
				CC9A2C9E1789B1ED0069D9DF /* Resources */,
			);
			buildRules = (
			);
			dependencies = (
			);
			name = GGImageTest;
			productName = GGImageTest;
			productReference = CC9A2CA01789B1ED0069D9DF /* GGImageTest.app */;
			productType = "com.apple.product-type.application";
		};
/* End PBXNativeTarget section */

/* Begin PBXProject section */
		CC9A2C981789B1ED0069D9DF /* Project object */ = {
			isa = PBXProject;
			attributes = {
				CLASSPREFIX = FK;
				LastUpgradeCheck = 0460;
				ORGANIZATIONNAME = crazyit.org;
			};
			buildConfigurationList = CC9A2C9B1789B1ED0069D9DF /* Build configuration list for PBXProject "GGImageTest" */;
			compatibilityVersion = "Xcode 3.2";
			developmentRegion = English;
			hasScannedForEncodings = 0;
			knownRegions = (
				en,
				Base,
			);
			mainGroup = CC9A2C971789B1ED0069D9DF;
			productRefGroup = CC9A2CA11789B1ED0069D9DF /* Products */;
			projectDirPath = "";
			projectRoot = "";
			targets = (
				CC9A2C9F1789B1ED0069D9DF /* GGImageTest */,
			);
		};
/* End PBXProject section */

/* Begin PBXResourcesBuildPhase section */
		CC9A2C9E1789B1ED0069D9DF /* Resources */ = {
			isa = PBXResourcesBuildPhase;
			buildActionMask = 2147483647;
			files = (
				CC9A2CAE1789B1ED0069D9DF /* InfoPlist.strings in Resources */,
				CCEE4CE517F570D4001D76C9 /* Main.storyboard in Resources */,
				CCEE4CE217F570B9001D76C9 /* Images.xcassets in Resources */,
				CC9A2CD41789D3000069D9DF /* fish.png in Resources */,
			);
			runOnlyForDeploymentPostprocessing = 0;
		};
/* End PBXResourcesBuildPhase section */

/* Begin PBXSourcesBuildPhase section */
		CC9A2C9C1789B1ED0069D9DF /* Sources */ = {
			isa = PBXSourcesBuildPhase;
			buildActionMask = 2147483647;
			files = (
				CC9A2CB01789B1ED0069D9DF /* main.m in Sources */,
				CC9A2CB41789B1ED0069D9DF /* FKAppDelegate.m in Sources */,
				CC9A2CBD1789B1ED0069D9DF /* FKViewController.m in Sources */,
				CC9CC151178F0D4100CCCE25 /* UIImage+FKCategory.m in Sources */,
			);
			runOnlyForDeploymentPostprocessing = 0;
		};
/* End PBXSourcesBuildPhase section */

/* Begin PBXVariantGroup section */
		CC9A2CAC1789B1ED0069D9DF /* InfoPlist.strings */ = {
			isa = PBXVariantGroup;
			children = (
				CC9A2CAD1789B1ED0069D9DF /* en */,
			);
			name = InfoPlist.strings;
			sourceTree = "<group>";
		};
		CCEE4CE317F570D4001D76C9 /* Main.storyboard */ = {
			isa = PBXVariantGroup;
			children = (
				CCEE4CE417F570D4001D76C9 /* Base */,
			);
			name = Main.storyboard;
			sourceTree = "<group>";
		};
/* End PBXVariantGroup section */

/* Begin XCBuildConfiguration section */
		CC9A2CC11789B1ED0069D9DF /* Debug */ = {
			isa = XCBuildConfiguration;
			buildSettings = {
				ALWAYS_SEARCH_USER_PATHS = NO;
				CLANG_CXX_LANGUAGE_STANDARD = "gnu++0x";
				CLANG_CXX_LIBRARY = "libc++";
				CLANG_ENABLE_OBJC_ARC = YES;
				CLANG_WARN_CONSTANT_CONVERSION = YES;
				CLANG_WARN_EMPTY_BODY = YES;
				CLANG_WARN_ENUM_CONVERSION = YES;
				CLANG_WARN_INT_CONVERSION = YES;
				CLANG_WARN__DUPLICATE_METHOD_MATCH = YES;
				"CODE_SIGN_IDENTITY[sdk=iphoneos*]" = "iPhone Developer";
				COPY_PHASE_STRIP = NO;
				GCC_C_LANGUAGE_STANDARD = gnu99;
				GCC_DYNAMIC_NO_PIC = NO;
				GCC_OPTIMIZATION_LEVEL = 0;
				GCC_PREPROCESSOR_DEFINITIONS = (
					"DEBUG=1",
					"$(inherited)",
				);
				GCC_SYMBOLS_PRIVATE_EXTERN = NO;
				GCC_WARN_ABOUT_RETURN_TYPE = YES;
				GCC_WARN_UNINITIALIZED_AUTOS = YES;
				GCC_WARN_UNUSED_VARIABLE = YES;
				IPHONEOS_DEPLOYMENT_TARGET = 7.0;
				ONLY_ACTIVE_ARCH = YES;
				SDKROOT = iphoneos;
			};
			name = Debug;
		};
		CC9A2CC21789B1ED0069D9DF /* Release */ = {
			isa = XCBuildConfiguration;
			buildSettings = {
				ALWAYS_SEARCH_USER_PATHS = NO;
				CLANG_CXX_LANGUAGE_STANDARD = "gnu++0x";
				CLANG_CXX_LIBRARY = "libc++";
				CLANG_ENABLE_OBJC_ARC = YES;
				CLANG_WARN_CONSTANT_CONVERSION = YES;
				CLANG_WARN_EMPTY_BODY = YES;
				CLANG_WARN_ENUM_CONVERSION = YES;
				CLANG_WARN_INT_CONVERSION = YES;
				CLANG_WARN__DUPLICATE_METHOD_MATCH = YES;
				"CODE_SIGN_IDENTITY[sdk=iphoneos*]" = "iPhone Developer";
				COPY_PHASE_STRIP = YES;
				GCC_C_LANGUAGE_STANDARD = gnu99;
				GCC_WARN_ABOUT_RETURN_TYPE = YES;
				GCC_WARN_UNINITIALIZED_AUTOS = YES;
				GCC_WARN_UNUSED_VARIABLE = YES;
				IPHONEOS_DEPLOYMENT_TARGET = 7.0;
				OTHER_CFLAGS = "-DNS_BLOCK_ASSERTIONS=1";
				SDKROOT = iphoneos;
				VALIDATE_PRODUCT = YES;
			};
			name = Release;
		};
		CC9A2CC41789B1ED0069D9DF /* Debug */ = {
			isa = XCBuildConfiguration;
			buildSettings = {
				ASSETCATALOG_COMPILER_APPICON_NAME = AppIcon;
				ASSETCATALOG_COMPILER_LAUNCHIMAGE_NAME = LaunchImage;
				GCC_PRECOMPILE_PREFIX_HEADER = YES;
				GCC_PREFIX_HEADER = "GGImageTest/GGImageTest-Prefix.pch";
				INFOPLIST_FILE = "GGImageTest/GGImageTest-Info.plist";
				PRODUCT_NAME = "$(TARGET_NAME)";
				WRAPPER_EXTENSION = app;
			};
			name = Debug;
		};
		CC9A2CC51789B1ED0069D9DF /* Release */ = {
			isa = XCBuildConfiguration;
			buildSettings = {
				ASSETCATALOG_COMPILER_APPICON_NAME = AppIcon;
				ASSETCATALOG_COMPILER_LAUNCHIMAGE_NAME = LaunchImage;
				GCC_PRECOMPILE_PREFIX_HEADER = YES;
				GCC_PREFIX_HEADER = "GGImageTest/GGImageTest-Prefix.pch";
				INFOPLIST_FILE = "GGImageTest/GGImageTest-Info.plist";
				PRODUCT_NAME = "$(TARGET_NAME)";
				WRAPPER_EXTENSION = app;
			};
			name = Release;
		};
/* End XCBuildConfiguration section */

/* Begin XCConfigurationList section */
		CC9A2C9B1789B1ED0069D9DF /* Build configuration list for PBXProject "GGImageTest" */ = {
			isa = XCConfigurationList;
			buildConfigurations = (
				CC9A2CC11789B1ED0069D9DF /* Debug */,
				CC9A2CC21789B1ED0069D9DF /* Release */,
			);
			defaultConfigurationIsVisible = 0;
			defaultConfigurationName = Release;
		};
		CC9A2CC31789B1ED0069D9DF /* Build configuration list for PBXNativeTarget "GGImageTest" */ = {
			isa = XCConfigurationList;
			buildConfigurations = (
				CC9A2CC41789B1ED0069D9DF /* Debug */,
				CC9A2CC51789B1ED0069D9DF /* Release */,
			);
			defaultConfigurationIsVisible = 0;
			defaultConfigurationName = Release;
		};
/* End XCConfigurationList section */
	};
	rootObject = CC9A2C981789B1ED0069D9DF /* Project object */;
}
