// !$*UTF8*$!
{
	archiveVersion = 1;
	classes = {
	};
	objectVersion = 46;
	objects = {

/* Begin PBXBuildFile section */
		95672196162722A300387CAC /* UIKit.framework in Frameworks */ = {isa = PBXBuildFile; fileRef = 95672195162722A300387CAC /* UIKit.framework */; };
		95672198162722A300387CAC /* Foundation.framework in Frameworks */ = {isa = PBXBuildFile; fileRef = 95672197162722A300387CAC /* Foundation.framework */; };
		9567219A162722A300387CAC /* CoreGraphics.framework in Frameworks */ = {isa = PBXBuildFile; fileRef = 95672199162722A300387CAC /* CoreGraphics.framework */; };
		956721A0162722A300387CAC /* InfoPlist.strings in Resources */ = {isa = PBXBuildFile; fileRef = 9567219E162722A300387CAC /* InfoPlist.strings */; };
		956721A2162722A300387CAC /* main.m in Sources */ = {isa = PBXBuildFile; fileRef = 956721A1162722A300387CAC /* main.m */; };
		956721A6162722A300387CAC /* SimpleTableAppDelegate.m in Sources */ = {isa = PBXBuildFile; fileRef = 956721A5162722A300387CAC /* SimpleTableAppDelegate.m */; };
		956721A8162722A300387CAC /* Default.png in Resources */ = {isa = PBXBuildFile; fileRef = 956721A7162722A300387CAC /* Default.png */; };
		956721AA162722A300387CAC /* Default@2x.png in Resources */ = {isa = PBXBuildFile; fileRef = 956721A9162722A300387CAC /* Default@2x.png */; };
		956721AC162722A300387CAC /* Default-568h@2x.png in Resources */ = {isa = PBXBuildFile; fileRef = 956721AB162722A300387CAC /* Default-568h@2x.png */; };
		956721AF162722A300387CAC /* SimpleTableViewController.m in Sources */ = {isa = PBXBuildFile; fileRef = 956721AE162722A300387CAC /* SimpleTableViewController.m */; };
		956721B2162722A300387CAC /* SimpleTableViewController.xib in Resources */ = {isa = PBXBuildFile; fileRef = 956721B0162722A300387CAC /* SimpleTableViewController.xib */; };
		956721B91627243B00387CAC /* apple1.jpg in Resources */ = {isa = PBXBuildFile; fileRef = 956721B81627243B00387CAC /* apple1.jpg */; };
/* End PBXBuildFile section */

/* Begin PBXFileReference section */
		95672191162722A300387CAC /* SimpleTable3.app */ = {isa = PBXFileReference; explicitFileType = wrapper.application; includeInIndex = 0; path = SimpleTable3.app; sourceTree = BUILT_PRODUCTS_DIR; };
		95672195162722A300387CAC /* UIKit.framework */ = {isa = PBXFileReference; lastKnownFileType = wrapper.framework; name = UIKit.framework; path = System/Library/Frameworks/UIKit.framework; sourceTree = SDKROOT; };
		95672197162722A300387CAC /* Foundation.framework */ = {isa = PBXFileReference; lastKnownFileType = wrapper.framework; name = Foundation.framework; path = System/Library/Frameworks/Foundation.framework; sourceTree = SDKROOT; };
		95672199162722A300387CAC /* CoreGraphics.framework */ = {isa = PBXFileReference; lastKnownFileType = wrapper.framework; name = CoreGraphics.framework; path = System/Library/Frameworks/CoreGraphics.framework; sourceTree = SDKROOT; };
		9567219D162722A300387CAC /* SimpleTable3-Info.plist */ = {isa = PBXFileReference; lastKnownFileType = text.plist.xml; path = "SimpleTable3-Info.plist"; sourceTree = "<group>"; };
		9567219F162722A300387CAC /* en */ = {isa = PBXFileReference; lastKnownFileType = text.plist.strings; name = en; path = en.lproj/InfoPlist.strings; sourceTree = "<group>"; };
		956721A1162722A300387CAC /* main.m */ = {isa = PBXFileReference; lastKnownFileType = sourcecode.c.objc; path = main.m; sourceTree = "<group>"; };
		956721A3162722A300387CAC /* SimpleTable3-Prefix.pch */ = {isa = PBXFileReference; lastKnownFileType = sourcecode.c.h; path = "SimpleTable3-Prefix.pch"; sourceTree = "<group>"; };
		956721A4162722A300387CAC /* SimpleTableAppDelegate.h */ = {isa = PBXFileReference; lastKnownFileType = sourcecode.c.h; path = SimpleTableAppDelegate.h; sourceTree = "<group>"; };
		956721A5162722A300387CAC /* SimpleTableAppDelegate.m */ = {isa = PBXFileReference; lastKnownFileType = sourcecode.c.objc; path = SimpleTableAppDelegate.m; sourceTree = "<group>"; };
		956721A7162722A300387CAC /* Default.png */ = {isa = PBXFileReference; lastKnownFileType = image.png; path = Default.png; sourceTree = "<group>"; };
		956721A9162722A300387CAC /* Default@2x.png */ = {isa = PBXFileReference; lastKnownFileType = image.png; path = "Default@2x.png"; sourceTree = "<group>"; };
		956721AB162722A300387CAC /* Default-568h@2x.png */ = {isa = PBXFileReference; lastKnownFileType = image.png; path = "Default-568h@2x.png"; sourceTree = "<group>"; };
		956721AD162722A300387CAC /* SimpleTableViewController.h */ = {isa = PBXFileReference; lastKnownFileType = sourcecode.c.h; path = SimpleTableViewController.h; sourceTree = "<group>"; };
		956721AE162722A300387CAC /* SimpleTableViewController.m */ = {isa = PBXFileReference; lastKnownFileType = sourcecode.c.objc; path = SimpleTableViewController.m; sourceTree = "<group>"; };
		956721B1162722A300387CAC /* en */ = {isa = PBXFileReference; lastKnownFileType = file.xib; name = en; path = en.lproj/SimpleTableViewController.xib; sourceTree = "<group>"; };
		956721B81627243B00387CAC /* apple1.jpg */ = {isa = PBXFileReference; lastKnownFileType = image.jpeg; path = apple1.jpg; sourceTree = "<group>"; };
/* End PBXFileReference section */

/* Begin PBXFrameworksBuildPhase section */
		9567218E162722A300387CAC /* Frameworks */ = {
			isa = PBXFrameworksBuildPhase;
			buildActionMask = 2147483647;
			files = (
				95672196162722A300387CAC /* UIKit.framework in Frameworks */,
				95672198162722A300387CAC /* Foundation.framework in Frameworks */,
				9567219A162722A300387CAC /* CoreGraphics.framework in Frameworks */,
			);
			runOnlyForDeploymentPostprocessing = 0;
		};
/* End PBXFrameworksBuildPhase section */

/* Begin PBXGroup section */
		95672186162722A200387CAC = {
			isa = PBXGroup;
			children = (
				9567219B162722A300387CAC /* SimpleTable3 */,
				95672194162722A300387CAC /* Frameworks */,
				95672192162722A300387CAC /* Products */,
			);
			sourceTree = "<group>";
		};
		95672192162722A300387CAC /* Products */ = {
			isa = PBXGroup;
			children = (
				95672191162722A300387CAC /* SimpleTable3.app */,
			);
			name = Products;
			sourceTree = "<group>";
		};
		95672194162722A300387CAC /* Frameworks */ = {
			isa = PBXGroup;
			children = (
				95672195162722A300387CAC /* UIKit.framework */,
				95672197162722A300387CAC /* Foundation.framework */,
				95672199162722A300387CAC /* CoreGraphics.framework */,
			);
			name = Frameworks;
			sourceTree = "<group>";
		};
		9567219B162722A300387CAC /* SimpleTable3 */ = {
			isa = PBXGroup;
			children = (
				956721B81627243B00387CAC /* apple1.jpg */,
				956721A4162722A300387CAC /* SimpleTableAppDelegate.h */,
				956721A5162722A300387CAC /* SimpleTableAppDelegate.m */,
				956721AD162722A300387CAC /* SimpleTableViewController.h */,
				956721AE162722A300387CAC /* SimpleTableViewController.m */,
				956721B0162722A300387CAC /* SimpleTableViewController.xib */,
				9567219C162722A300387CAC /* Supporting Files */,
			);
			path = SimpleTable3;
			sourceTree = "<group>";
		};
		9567219C162722A300387CAC /* Supporting Files */ = {
			isa = PBXGroup;
			children = (
				9567219D162722A300387CAC /* SimpleTable3-Info.plist */,
				9567219E162722A300387CAC /* InfoPlist.strings */,
				956721A1162722A300387CAC /* main.m */,
				956721A3162722A300387CAC /* SimpleTable3-Prefix.pch */,
				956721A7162722A300387CAC /* Default.png */,
				956721A9162722A300387CAC /* Default@2x.png */,
				956721AB162722A300387CAC /* Default-568h@2x.png */,
			);
			name = "Supporting Files";
			sourceTree = "<group>";
		};
/* End PBXGroup section */

/* Begin PBXNativeTarget section */
		95672190162722A300387CAC /* SimpleTable3 */ = {
			isa = PBXNativeTarget;
			buildConfigurationList = 956721B5162722A300387CAC /* Build configuration list for PBXNativeTarget "SimpleTable3" */;
			buildPhases = (
				9567218D162722A300387CAC /* Sources */,
				9567218E162722A300387CAC /* Frameworks */,
				9567218F162722A300387CAC /* Resources */,
			);
			buildRules = (
			);
			dependencies = (
			);
			name = SimpleTable3;
			productName = SimpleTable3;
			productReference = 95672191162722A300387CAC /* SimpleTable3.app */;
			productType = "com.apple.product-type.application";
		};
/* End PBXNativeTarget section */

/* Begin PBXProject section */
		95672188162722A200387CAC /* Project object */ = {
			isa = PBXProject;
			attributes = {
				CLASSPREFIX = SimpleTable;
				LastUpgradeCheck = 0450;
				ORGANIZATIONNAME = EntLib.com;
			};
			buildConfigurationList = 9567218B162722A200387CAC /* Build configuration list for PBXProject "SimpleTable3" */;
			compatibilityVersion = "Xcode 3.2";
			developmentRegion = English;
			hasScannedForEncodings = 0;
			knownRegions = (
				en,
			);
			mainGroup = 95672186162722A200387CAC;
			productRefGroup = 95672192162722A300387CAC /* Products */;
			projectDirPath = "";
			projectRoot = "";
			targets = (
				95672190162722A300387CAC /* SimpleTable3 */,
			);
		};
/* End PBXProject section */

/* Begin PBXResourcesBuildPhase section */
		9567218F162722A300387CAC /* Resources */ = {
			isa = PBXResourcesBuildPhase;
			buildActionMask = 2147483647;
			files = (
				956721A0162722A300387CAC /* InfoPlist.strings in Resources */,
				956721A8162722A300387CAC /* Default.png in Resources */,
				956721AA162722A300387CAC /* Default@2x.png in Resources */,
				956721AC162722A300387CAC /* Default-568h@2x.png in Resources */,
				956721B2162722A300387CAC /* SimpleTableViewController.xib in Resources */,
				956721B91627243B00387CAC /* apple1.jpg in Resources */,
			);
			runOnlyForDeploymentPostprocessing = 0;
		};
/* End PBXResourcesBuildPhase section */

/* Begin PBXSourcesBuildPhase section */
		9567218D162722A300387CAC /* Sources */ = {
			isa = PBXSourcesBuildPhase;
			buildActionMask = 2147483647;
			files = (
				956721A2162722A300387CAC /* main.m in Sources */,
				956721A6162722A300387CAC /* SimpleTableAppDelegate.m in Sources */,
				956721AF162722A300387CAC /* SimpleTableViewController.m in Sources */,
			);
			runOnlyForDeploymentPostprocessing = 0;
		};
/* End PBXSourcesBuildPhase section */

/* Begin PBXVariantGroup section */
		9567219E162722A300387CAC /* InfoPlist.strings */ = {
			isa = PBXVariantGroup;
			children = (
				9567219F162722A300387CAC /* en */,
			);
			name = InfoPlist.strings;
			sourceTree = "<group>";
		};
		956721B0162722A300387CAC /* SimpleTableViewController.xib */ = {
			isa = PBXVariantGroup;
			children = (
				956721B1162722A300387CAC /* en */,
			);
			name = SimpleTableViewController.xib;
			sourceTree = "<group>";
		};
/* End PBXVariantGroup section */

/* Begin XCBuildConfiguration section */
		956721B3162722A300387CAC /* Debug */ = {
			isa = XCBuildConfiguration;
			buildSettings = {
				ALWAYS_SEARCH_USER_PATHS = NO;
				CLANG_CXX_LANGUAGE_STANDARD = "gnu++0x";
				CLANG_CXX_LIBRARY = "libc++";
				CLANG_ENABLE_OBJC_ARC = YES;
				CLANG_WARN_EMPTY_BODY = YES;
				CLANG_WARN__DUPLICATE_METHOD_MATCH = YES;
				"CODE_SIGN_IDENTITY[sdk=iphoneos*]" = "iPhone Developer";
				COPY_PHASE_STRIP = NO;
				GCC_C_LANGUAGE_STANDARD = gnu99;
				GCC_DYNAMIC_NO_PIC = NO;
				GCC_OPTIMIZATION_LEVEL = 0;
				GCC_PREPROCESSOR_DEFINITIONS = (
					"DEBUG=1",
					"$(inherited)",
				);
				GCC_SYMBOLS_PRIVATE_EXTERN = NO;
				GCC_WARN_ABOUT_RETURN_TYPE = YES;
				GCC_WARN_UNINITIALIZED_AUTOS = YES;
				GCC_WARN_UNUSED_VARIABLE = YES;
				IPHONEOS_DEPLOYMENT_TARGET = 6.0;
				ONLY_ACTIVE_ARCH = YES;
				SDKROOT = iphoneos;
			};
			name = Debug;
		};
		956721B4162722A300387CAC /* Release */ = {
			isa = XCBuildConfiguration;
			buildSettings = {
				ALWAYS_SEARCH_USER_PATHS = NO;
				CLANG_CXX_LANGUAGE_STANDARD = "gnu++0x";
				CLANG_CXX_LIBRARY = "libc++";
				CLANG_ENABLE_OBJC_ARC = YES;
				CLANG_WARN_EMPTY_BODY = YES;
				CLANG_WARN__DUPLICATE_METHOD_MATCH = YES;
				"CODE_SIGN_IDENTITY[sdk=iphoneos*]" = "iPhone Developer";
				COPY_PHASE_STRIP = YES;
				GCC_C_LANGUAGE_STANDARD = gnu99;
				GCC_WARN_ABOUT_RETURN_TYPE = YES;
				GCC_WARN_UNINITIALIZED_AUTOS = YES;
				GCC_WARN_UNUSED_VARIABLE = YES;
				IPHONEOS_DEPLOYMENT_TARGET = 6.0;
				OTHER_CFLAGS = "-DNS_BLOCK_ASSERTIONS=1";
				SDKROOT = iphoneos;
				VALIDATE_PRODUCT = YES;
			};
			name = Release;
		};
		956721B6162722A300387CAC /* Debug */ = {
			isa = XCBuildConfiguration;
			buildSettings = {
				GCC_PRECOMPILE_PREFIX_HEADER = YES;
				GCC_PREFIX_HEADER = "SimpleTable3/SimpleTable3-Prefix.pch";
				INFOPLIST_FILE = "SimpleTable3/SimpleTable3-Info.plist";
				PRODUCT_NAME = "$(TARGET_NAME)";
				WRAPPER_EXTENSION = app;
			};
			name = Debug;
		};
		956721B7162722A300387CAC /* Release */ = {
			isa = XCBuildConfiguration;
			buildSettings = {
				GCC_PRECOMPILE_PREFIX_HEADER = YES;
				GCC_PREFIX_HEADER = "SimpleTable3/SimpleTable3-Prefix.pch";
				INFOPLIST_FILE = "SimpleTable3/SimpleTable3-Info.plist";
				PRODUCT_NAME = "$(TARGET_NAME)";
				WRAPPER_EXTENSION = app;
			};
			name = Release;
		};
/* End XCBuildConfiguration section */

/* Begin XCConfigurationList section */
		9567218B162722A200387CAC /* Build configuration list for PBXProject "SimpleTable3" */ = {
			isa = XCConfigurationList;
			buildConfigurations = (
				956721B3162722A300387CAC /* Debug */,
				956721B4162722A300387CAC /* Release */,
			);
			defaultConfigurationIsVisible = 0;
			defaultConfigurationName = Release;
		};
		956721B5162722A300387CAC /* Build configuration list for PBXNativeTarget "SimpleTable3" */ = {
			isa = XCConfigurationList;
			buildConfigurations = (
				956721B6162722A300387CAC /* Debug */,
				956721B7162722A300387CAC /* Release */,
			);
			defaultConfigurationIsVisible = 0;
		};
/* End XCConfigurationList section */
	};
	rootObject = 95672188162722A200387CAC /* Project object */;
}
