// !$*UTF8*$!
{
	archiveVersion = 1;
	classes = {
	};
	objectVersion = 46;
	objects = {

/* Begin PBXBuildFile section */
		CC6AEF5B17F2FA670001096D /* Images.xcassets in Resources */ = {isa = PBXBuildFile; fileRef = CC6AEF5A17F2FA670001096D /* Images.xcassets */; };
		CC6AEF5E17F2FAA60001096D /* Main.storyboard in Resources */ = {isa = PBXBuildFile; fileRef = CC6AEF5C17F2FAA60001096D /* Main.storyboard */; };
		CCD1F19D17706E0F00E8D11E /* UIKit.framework in Frameworks */ = {isa = PBXBuildFile; fileRef = CCD1F19C17706E0F00E8D11E /* UIKit.framework */; };
		CCD1F19F17706E0F00E8D11E /* Foundation.framework in Frameworks */ = {isa = PBXBuildFile; fileRef = CCD1F19E17706E0F00E8D11E /* Foundation.framework */; };
		CCD1F1A117706E0F00E8D11E /* CoreGraphics.framework in Frameworks */ = {isa = PBXBuildFile; fileRef = CCD1F1A017706E0F00E8D11E /* CoreGraphics.framework */; };
		CCD1F1A717706E0F00E8D11E /* InfoPlist.strings in Resources */ = {isa = PBXBuildFile; fileRef = CCD1F1A517706E0F00E8D11E /* InfoPlist.strings */; };
		CCD1F1A917706E0F00E8D11E /* main.m in Sources */ = {isa = PBXBuildFile; fileRef = CCD1F1A817706E0F00E8D11E /* main.m */; };
		CCD1F1AD17706E0F00E8D11E /* FKAppDelegate.m in Sources */ = {isa = PBXBuildFile; fileRef = CCD1F1AC17706E0F00E8D11E /* FKAppDelegate.m */; };
		CCD1F1B617706E0F00E8D11E /* FKViewController.m in Sources */ = {isa = PBXBuildFile; fileRef = CCD1F1B517706E0F00E8D11E /* FKViewController.m */; };
		CCD1F1C01770757800E8D11E /* QuartzCore.framework in Frameworks */ = {isa = PBXBuildFile; fileRef = CCD1F1BF1770757800E8D11E /* QuartzCore.framework */; };
/* End PBXBuildFile section */

/* Begin PBXFileReference section */
		CC6AEF5A17F2FA670001096D /* Images.xcassets */ = {isa = PBXFileReference; lastKnownFileType = folder.assetcatalog; path = Images.xcassets; sourceTree = "<group>"; };
		CC6AEF5D17F2FAA60001096D /* Base */ = {isa = PBXFileReference; lastKnownFileType = file.storyboard; name = Base; path = Base.lproj/Main.storyboard; sourceTree = "<group>"; };
		CCD1F19917706E0F00E8D11E /* SectionTest.app */ = {isa = PBXFileReference; explicitFileType = wrapper.application; includeInIndex = 0; path = SectionTest.app; sourceTree = BUILT_PRODUCTS_DIR; };
		CCD1F19C17706E0F00E8D11E /* UIKit.framework */ = {isa = PBXFileReference; lastKnownFileType = wrapper.framework; name = UIKit.framework; path = System/Library/Frameworks/UIKit.framework; sourceTree = SDKROOT; };
		CCD1F19E17706E0F00E8D11E /* Foundation.framework */ = {isa = PBXFileReference; lastKnownFileType = wrapper.framework; name = Foundation.framework; path = System/Library/Frameworks/Foundation.framework; sourceTree = SDKROOT; };
		CCD1F1A017706E0F00E8D11E /* CoreGraphics.framework */ = {isa = PBXFileReference; lastKnownFileType = wrapper.framework; name = CoreGraphics.framework; path = System/Library/Frameworks/CoreGraphics.framework; sourceTree = SDKROOT; };
		CCD1F1A417706E0F00E8D11E /* SectionTest-Info.plist */ = {isa = PBXFileReference; lastKnownFileType = text.plist.xml; path = "SectionTest-Info.plist"; sourceTree = "<group>"; };
		CCD1F1A617706E0F00E8D11E /* en */ = {isa = PBXFileReference; lastKnownFileType = text.plist.strings; name = en; path = en.lproj/InfoPlist.strings; sourceTree = "<group>"; };
		CCD1F1A817706E0F00E8D11E /* main.m */ = {isa = PBXFileReference; lastKnownFileType = sourcecode.c.objc; path = main.m; sourceTree = "<group>"; };
		CCD1F1AA17706E0F00E8D11E /* SectionTest-Prefix.pch */ = {isa = PBXFileReference; lastKnownFileType = sourcecode.c.h; path = "SectionTest-Prefix.pch"; sourceTree = "<group>"; };
		CCD1F1AB17706E0F00E8D11E /* FKAppDelegate.h */ = {isa = PBXFileReference; lastKnownFileType = sourcecode.c.h; path = FKAppDelegate.h; sourceTree = "<group>"; };
		CCD1F1AC17706E0F00E8D11E /* FKAppDelegate.m */ = {isa = PBXFileReference; lastKnownFileType = sourcecode.c.objc; path = FKAppDelegate.m; sourceTree = "<group>"; };
		CCD1F1B417706E0F00E8D11E /* FKViewController.h */ = {isa = PBXFileReference; lastKnownFileType = sourcecode.c.h; path = FKViewController.h; sourceTree = "<group>"; };
		CCD1F1B517706E0F00E8D11E /* FKViewController.m */ = {isa = PBXFileReference; lastKnownFileType = sourcecode.c.objc; path = FKViewController.m; sourceTree = "<group>"; };
		CCD1F1BF1770757800E8D11E /* QuartzCore.framework */ = {isa = PBXFileReference; lastKnownFileType = wrapper.framework; name = QuartzCore.framework; path = System/Library/Frameworks/QuartzCore.framework; sourceTree = SDKROOT; };
/* End PBXFileReference section */

/* Begin PBXFrameworksBuildPhase section */
		CCD1F19617706E0F00E8D11E /* Frameworks */ = {
			isa = PBXFrameworksBuildPhase;
			buildActionMask = 2147483647;
			files = (
				CCD1F1C01770757800E8D11E /* QuartzCore.framework in Frameworks */,
				CCD1F19D17706E0F00E8D11E /* UIKit.framework in Frameworks */,
				CCD1F19F17706E0F00E8D11E /* Foundation.framework in Frameworks */,
				CCD1F1A117706E0F00E8D11E /* CoreGraphics.framework in Frameworks */,
			);
			runOnlyForDeploymentPostprocessing = 0;
		};
/* End PBXFrameworksBuildPhase section */

/* Begin PBXGroup section */
		CCD1F19017706E0F00E8D11E = {
			isa = PBXGroup;
			children = (
				CCD1F1A217706E0F00E8D11E /* SectionTest */,
				CCD1F19B17706E0F00E8D11E /* Frameworks */,
				CCD1F19A17706E0F00E8D11E /* Products */,
			);
			sourceTree = "<group>";
		};
		CCD1F19A17706E0F00E8D11E /* Products */ = {
			isa = PBXGroup;
			children = (
				CCD1F19917706E0F00E8D11E /* SectionTest.app */,
			);
			name = Products;
			sourceTree = "<group>";
		};
		CCD1F19B17706E0F00E8D11E /* Frameworks */ = {
			isa = PBXGroup;
			children = (
				CCD1F1BF1770757800E8D11E /* QuartzCore.framework */,
				CCD1F19C17706E0F00E8D11E /* UIKit.framework */,
				CCD1F19E17706E0F00E8D11E /* Foundation.framework */,
				CCD1F1A017706E0F00E8D11E /* CoreGraphics.framework */,
			);
			name = Frameworks;
			sourceTree = "<group>";
		};
		CCD1F1A217706E0F00E8D11E /* SectionTest */ = {
			isa = PBXGroup;
			children = (
				CC6AEF5C17F2FAA60001096D /* Main.storyboard */,
				CCD1F1AB17706E0F00E8D11E /* FKAppDelegate.h */,
				CCD1F1AC17706E0F00E8D11E /* FKAppDelegate.m */,
				CCD1F1B417706E0F00E8D11E /* FKViewController.h */,
				CCD1F1B517706E0F00E8D11E /* FKViewController.m */,
				CC6AEF5A17F2FA670001096D /* Images.xcassets */,
				CCD1F1A317706E0F00E8D11E /* Supporting Files */,
			);
			path = SectionTest;
			sourceTree = "<group>";
		};
		CCD1F1A317706E0F00E8D11E /* Supporting Files */ = {
			isa = PBXGroup;
			children = (
				CCD1F1A417706E0F00E8D11E /* SectionTest-Info.plist */,
				CCD1F1A517706E0F00E8D11E /* InfoPlist.strings */,
				CCD1F1A817706E0F00E8D11E /* main.m */,
				CCD1F1AA17706E0F00E8D11E /* SectionTest-Prefix.pch */,
			);
			name = "Supporting Files";
			sourceTree = "<group>";
		};
/* End PBXGroup section */

/* Begin PBXNativeTarget section */
		CCD1F19817706E0F00E8D11E /* SectionTest */ = {
			isa = PBXNativeTarget;
			buildConfigurationList = CCD1F1BC17706E0F00E8D11E /* Build configuration list for PBXNativeTarget "SectionTest" */;
			buildPhases = (
				CCD1F19517706E0F00E8D11E /* Sources */,
				CCD1F19617706E0F00E8D11E /* Frameworks */,
				CCD1F19717706E0F00E8D11E /* Resources */,
			);
			buildRules = (
			);
			dependencies = (
			);
			name = SectionTest;
			productName = SectionTest;
			productReference = CCD1F19917706E0F00E8D11E /* SectionTest.app */;
			productType = "com.apple.product-type.application";
		};
/* End PBXNativeTarget section */

/* Begin PBXProject section */
		CCD1F19117706E0F00E8D11E /* Project object */ = {
			isa = PBXProject;
			attributes = {
				CLASSPREFIX = FK;
				LastUpgradeCheck = 0460;
				ORGANIZATIONNAME = crazyit.org;
			};
			buildConfigurationList = CCD1F19417706E0F00E8D11E /* Build configuration list for PBXProject "SectionTest" */;
			compatibilityVersion = "Xcode 3.2";
			developmentRegion = English;
			hasScannedForEncodings = 0;
			knownRegions = (
				en,
				Base,
			);
			mainGroup = CCD1F19017706E0F00E8D11E;
			productRefGroup = CCD1F19A17706E0F00E8D11E /* Products */;
			projectDirPath = "";
			projectRoot = "";
			targets = (
				CCD1F19817706E0F00E8D11E /* SectionTest */,
			);
		};
/* End PBXProject section */

/* Begin PBXResourcesBuildPhase section */
		CCD1F19717706E0F00E8D11E /* Resources */ = {
			isa = PBXResourcesBuildPhase;
			buildActionMask = 2147483647;
			files = (
				CC6AEF5B17F2FA670001096D /* Images.xcassets in Resources */,
				CCD1F1A717706E0F00E8D11E /* InfoPlist.strings in Resources */,
				CC6AEF5E17F2FAA60001096D /* Main.storyboard in Resources */,
			);
			runOnlyForDeploymentPostprocessing = 0;
		};
/* End PBXResourcesBuildPhase section */

/* Begin PBXSourcesBuildPhase section */
		CCD1F19517706E0F00E8D11E /* Sources */ = {
			isa = PBXSourcesBuildPhase;
			buildActionMask = 2147483647;
			files = (
				CCD1F1A917706E0F00E8D11E /* main.m in Sources */,
				CCD1F1AD17706E0F00E8D11E /* FKAppDelegate.m in Sources */,
				CCD1F1B617706E0F00E8D11E /* FKViewController.m in Sources */,
			);
			runOnlyForDeploymentPostprocessing = 0;
		};
/* End PBXSourcesBuildPhase section */

/* Begin PBXVariantGroup section */
		CC6AEF5C17F2FAA60001096D /* Main.storyboard */ = {
			isa = PBXVariantGroup;
			children = (
				CC6AEF5D17F2FAA60001096D /* Base */,
			);
			name = Main.storyboard;
			sourceTree = "<group>";
		};
		CCD1F1A517706E0F00E8D11E /* InfoPlist.strings */ = {
			isa = PBXVariantGroup;
			children = (
				CCD1F1A617706E0F00E8D11E /* en */,
			);
			name = InfoPlist.strings;
			sourceTree = "<group>";
		};
/* End PBXVariantGroup section */

/* Begin XCBuildConfiguration section */
		CCD1F1BA17706E0F00E8D11E /* Debug */ = {
			isa = XCBuildConfiguration;
			buildSettings = {
				ALWAYS_SEARCH_USER_PATHS = NO;
				CLANG_CXX_LANGUAGE_STANDARD = "gnu++0x";
				CLANG_CXX_LIBRARY = "libc++";
				CLANG_ENABLE_OBJC_ARC = YES;
				CLANG_WARN_CONSTANT_CONVERSION = YES;
				CLANG_WARN_EMPTY_BODY = YES;
				CLANG_WARN_ENUM_CONVERSION = YES;
				CLANG_WARN_INT_CONVERSION = YES;
				CLANG_WARN__DUPLICATE_METHOD_MATCH = YES;
				"CODE_SIGN_IDENTITY[sdk=iphoneos*]" = "iPhone Developer";
				COPY_PHASE_STRIP = NO;
				GCC_C_LANGUAGE_STANDARD = gnu99;
				GCC_DYNAMIC_NO_PIC = NO;
				GCC_OPTIMIZATION_LEVEL = 0;
				GCC_PREPROCESSOR_DEFINITIONS = (
					"DEBUG=1",
					"$(inherited)",
				);
				GCC_SYMBOLS_PRIVATE_EXTERN = NO;
				GCC_WARN_ABOUT_RETURN_TYPE = YES;
				GCC_WARN_UNINITIALIZED_AUTOS = YES;
				GCC_WARN_UNUSED_VARIABLE = YES;
				IPHONEOS_DEPLOYMENT_TARGET = 7.0;
				ONLY_ACTIVE_ARCH = YES;
				SDKROOT = iphoneos;
			};
			name = Debug;
		};
		CCD1F1BB17706E0F00E8D11E /* Release */ = {
			isa = XCBuildConfiguration;
			buildSettings = {
				ALWAYS_SEARCH_USER_PATHS = NO;
				CLANG_CXX_LANGUAGE_STANDARD = "gnu++0x";
				CLANG_CXX_LIBRARY = "libc++";
				CLANG_ENABLE_OBJC_ARC = YES;
				CLANG_WARN_CONSTANT_CONVERSION = YES;
				CLANG_WARN_EMPTY_BODY = YES;
				CLANG_WARN_ENUM_CONVERSION = YES;
				CLANG_WARN_INT_CONVERSION = YES;
				CLANG_WARN__DUPLICATE_METHOD_MATCH = YES;
				"CODE_SIGN_IDENTITY[sdk=iphoneos*]" = "iPhone Developer";
				COPY_PHASE_STRIP = YES;
				GCC_C_LANGUAGE_STANDARD = gnu99;
				GCC_WARN_ABOUT_RETURN_TYPE = YES;
				GCC_WARN_UNINITIALIZED_AUTOS = YES;
				GCC_WARN_UNUSED_VARIABLE = YES;
				IPHONEOS_DEPLOYMENT_TARGET = 7.0;
				OTHER_CFLAGS = "-DNS_BLOCK_ASSERTIONS=1";
				SDKROOT = iphoneos;
				VALIDATE_PRODUCT = YES;
			};
			name = Release;
		};
		CCD1F1BD17706E0F00E8D11E /* Debug */ = {
			isa = XCBuildConfiguration;
			buildSettings = {
				ASSETCATALOG_COMPILER_APPICON_NAME = AppIcon;
				ASSETCATALOG_COMPILER_LAUNCHIMAGE_NAME = LaunchImage;
				GCC_PRECOMPILE_PREFIX_HEADER = YES;
				GCC_PREFIX_HEADER = "SectionTest/SectionTest-Prefix.pch";
				INFOPLIST_FILE = "SectionTest/SectionTest-Info.plist";
				PRODUCT_NAME = "$(TARGET_NAME)";
				WRAPPER_EXTENSION = app;
			};
			name = Debug;
		};
		CCD1F1BE17706E0F00E8D11E /* Release */ = {
			isa = XCBuildConfiguration;
			buildSettings = {
				ASSETCATALOG_COMPILER_APPICON_NAME = AppIcon;
				ASSETCATALOG_COMPILER_LAUNCHIMAGE_NAME = LaunchImage;
				GCC_PRECOMPILE_PREFIX_HEADER = YES;
				GCC_PREFIX_HEADER = "SectionTest/SectionTest-Prefix.pch";
				INFOPLIST_FILE = "SectionTest/SectionTest-Info.plist";
				PRODUCT_NAME = "$(TARGET_NAME)";
				WRAPPER_EXTENSION = app;
			};
			name = Release;
		};
/* End XCBuildConfiguration section */

/* Begin XCConfigurationList section */
		CCD1F19417706E0F00E8D11E /* Build configuration list for PBXProject "SectionTest" */ = {
			isa = XCConfigurationList;
			buildConfigurations = (
				CCD1F1BA17706E0F00E8D11E /* Debug */,
				CCD1F1BB17706E0F00E8D11E /* Release */,
			);
			defaultConfigurationIsVisible = 0;
			defaultConfigurationName = Release;
		};
		CCD1F1BC17706E0F00E8D11E /* Build configuration list for PBXNativeTarget "SectionTest" */ = {
			isa = XCConfigurationList;
			buildConfigurations = (
				CCD1F1BD17706E0F00E8D11E /* Debug */,
				CCD1F1BE17706E0F00E8D11E /* Release */,
			);
			defaultConfigurationIsVisible = 0;
			defaultConfigurationName = Release;
		};
/* End XCConfigurationList section */
	};
	rootObject = CCD1F19117706E0F00E8D11E /* Project object */;
}
